
Microsoft Visual Studio Solution File, Format Version 12.00
# Visual Studio Version 17
VisualStudioVersion = 17.7.34031.279
MinimumVisualStudioVersion = 10.0.40219.1
Project("{FAE04EC0-301F-11D3-BF4B-00C04F79EFBC}") = "spotify-cli-cs", "spotify-cli-cs\spotify-cli-cs.csproj", "{3BED5BA3-EAFD-4E01-A0EB-DDFF5E24658D}"
EndProject
Global
	GlobalSection(SolutionConfigurationPlatforms) = preSolution
		Debug|Any CPU = Debug|Any CPU
		Release|Any CPU = Release|Any CPU
	EndGlobalSection
	GlobalSection(ProjectConfigurationPlatforms) = postSolution
		{3BED5BA3-EAFD-4E01-A0EB-DDFF5E24658D}.Debug|Any CPU.ActiveCfg = Debug|Any CPU
		{3BED5BA3-EAFD-4E01-A0EB-DDFF5E24658D}.Debug|Any CPU.Build.0 = Debug|Any CPU
		{3BED5BA3-EAFD-4E01-A0EB-DDFF5E24658D}.Release|Any CPU.ActiveCfg = Release|Any CPU
		{3BED5BA3-EAFD-4E01-A0EB-DDFF5E24658D}.Release|Any CPU.Build.0 = Release|Any CPU
	EndGlobalSection
	GlobalSection(SolutionProperties) = preSolution
		HideSolutionNode = FALSE
	EndGlobalSection
	GlobalSection(ExtensibilityGlobals) = postSolution
		SolutionGuid = {2B444D9C-46C9-4295-9D90-F8BEAC4DEF06}
	EndGlobalSection
EndGlobal
